// !$*UTF8*$!
{
	archiveVersion = 1;
	classes = {
	};
	objectVersion = 56;
	objects = {

/* Begin PBXBuildFile section */
		FD6CBA8C299A01730038423F /* WeatherApp.swift in Sources */ = {isa = PBXBuildFile; fileRef = FD6CBA8B299A01730038423F /* WeatherApp.swift */; };
		FD6CBA90299A01760038423F /* Assets.xcassets in Resources */ = {isa = PBXBuildFile; fileRef = FD6CBA8F299A01760038423F /* Assets.xcassets */; };
		FD6CBA93299A01760038423F /* Preview Assets.xcassets in Resources */ = {isa = PBXBuildFile; fileRef = FD6CBA92299A01760038423F /* Preview Assets.xcassets */; };
		FD6CBA95299A01760038423F /* Persistence.swift in Sources */ = {isa = PBXBuildFile; fileRef = FD6CBA94299A01760038423F /* Persistence.swift */; };
		FD6CBA98299A01760038423F /* Weather.xcdatamodeld in Sources */ = {isa = PBXBuildFile; fileRef = FD6CBA96299A01760038423F /* Weather.xcdatamodeld */; };
		FD6CBAA1299A01FA0038423F /* MainView.swift in Sources */ = {isa = PBXBuildFile; fileRef = FD6CBAA0299A01FA0038423F /* MainView.swift */; };
		FD6CBAAA299A3B770038423F /* LocationManager.swift in Sources */ = {isa = PBXBuildFile; fileRef = FD6CBAA9299A3B760038423F /* LocationManager.swift */; };
		FD6CBAAC299A65BA0038423F /* WelcomeView.swift in Sources */ = {isa = PBXBuildFile; fileRef = FD6CBAAB299A65BA0038423F /* WelcomeView.swift */; };
		FD6CBAAE299A79300038423F /* LoadingVIew.swift in Sources */ = {isa = PBXBuildFile; fileRef = FD6CBAAD299A79300038423F /* LoadingVIew.swift */; };
		FD6CBAB0299A7B4E0038423F /* WeatherManager.swift in Sources */ = {isa = PBXBuildFile; fileRef = FD6CBAAF299A7B4E0038423F /* WeatherManager.swift */; };
		FD6CBAB2299D2AEC0038423F /* WeatherView.swift in Sources */ = {isa = PBXBuildFile; fileRef = FD6CBAB1299D2AEC0038423F /* WeatherView.swift */; };
		FD6CBAB4299D31690038423F /* ModelData.swift in Sources */ = {isa = PBXBuildFile; fileRef = FD6CBAB3299D31690038423F /* ModelData.swift */; };
		FD6CBAB6299D31CD0038423F /* weatherData.json in Resources */ = {isa = PBXBuildFile; fileRef = FD6CBAB5299D31CD0038423F /* weatherData.json */; };
		FD6CBAB9299D38BC0038423F /* Extensions.swift in Sources */ = {isa = PBXBuildFile; fileRef = FD6CBAB8299D38BC0038423F /* Extensions.swift */; };
		FD6CBABB299E14F10038423F /* WeatherData.swift in Sources */ = {isa = PBXBuildFile; fileRef = FD6CBABA299E14F10038423F /* WeatherData.swift */; };
/* End PBXBuildFile section */

/* Begin PBXFileReference section */
		FD6CBA88299A01730038423F /* Weather.app */ = {isa = PBXFileReference; explicitFileType = wrapper.application; includeInIndex = 0; path = Weather.app; sourceTree = BUILT_PRODUCTS_DIR; };
		FD6CBA8B299A01730038423F /* WeatherApp.swift */ = {isa = PBXFileReference; lastKnownFileType = sourcecode.swift; path = WeatherApp.swift; sourceTree = "<group>"; };
		FD6CBA8F299A01760038423F /* Assets.xcassets */ = {isa = PBXFileReference; lastKnownFileType = folder.assetcatalog; path = Assets.xcassets; sourceTree = "<group>"; };
		FD6CBA92299A01760038423F /* Preview Assets.xcassets */ = {isa = PBXFileReference; lastKnownFileType = folder.assetcatalog; path = "Preview Assets.xcassets"; sourceTree = "<group>"; };
		FD6CBA94299A01760038423F /* Persistence.swift */ = {isa = PBXFileReference; lastKnownFileType = sourcecode.swift; path = Persistence.swift; sourceTree = "<group>"; };
		FD6CBA97299A01760038423F /* Weather.xcdatamodel */ = {isa = PBXFileReference; lastKnownFileType = wrapper.xcdatamodel; path = Weather.xcdatamodel; sourceTree = "<group>"; };
		FD6CBAA0299A01FA0038423F /* MainView.swift */ = {isa = PBXFileReference; lastKnownFileType = sourcecode.swift; path = MainView.swift; sourceTree = "<group>"; };
		FD6CBAA9299A3B760038423F /* LocationManager.swift */ = {isa = PBXFileReference; lastKnownFileType = sourcecode.swift; path = LocationManager.swift; sourceTree = "<group>"; };
		FD6CBAAB299A65BA0038423F /* WelcomeView.swift */ = {isa = PBXFileReference; lastKnownFileType = sourcecode.swift; path = WelcomeView.swift; sourceTree = "<group>"; };
		FD6CBAAD299A79300038423F /* LoadingVIew.swift */ = {isa = PBXFileReference; lastKnownFileType = sourcecode.swift; path = LoadingVIew.swift; sourceTree = "<group>"; };
		FD6CBAAF299A7B4E0038423F /* WeatherManager.swift */ = {isa = PBXFileReference; lastKnownFileType = sourcecode.swift; path = WeatherManager.swift; sourceTree = "<group>"; };
		FD6CBAB1299D2AEC0038423F /* WeatherView.swift */ = {isa = PBXFileReference; lastKnownFileType = sourcecode.swift; path = WeatherView.swift; sourceTree = "<group>"; };
		FD6CBAB3299D31690038423F /* ModelData.swift */ = {isa = PBXFileReference; lastKnownFileType = sourcecode.swift; path = ModelData.swift; sourceTree = "<group>"; };
		FD6CBAB5299D31CD0038423F /* weatherData.json */ = {isa = PBXFileReference; lastKnownFileType = text.json; path = weatherData.json; sourceTree = "<group>"; };
		FD6CBAB8299D38BC0038423F /* Extensions.swift */ = {isa = PBXFileReference; lastKnownFileType = sourcecode.swift; path = Extensions.swift; sourceTree = "<group>"; };
		FD6CBABA299E14F10038423F /* WeatherData.swift */ = {isa = PBXFileReference; lastKnownFileType = sourcecode.swift; path = WeatherData.swift; sourceTree = "<group>"; };
/* End PBXFileReference section */

/* Begin PBXFrameworksBuildPhase section */
		FD6CBA85299A01730038423F /* Frameworks */ = {
			isa = PBXFrameworksBuildPhase;
			buildActionMask = 2147483647;
			files = (
			);
			runOnlyForDeploymentPostprocessing = 0;
		};
/* End PBXFrameworksBuildPhase section */

/* Begin PBXGroup section */
		FD6CBA7F299A01730038423F = {
			isa = PBXGroup;
			children = (
				FD6CBA8A299A01730038423F /* Weather */,
				FD6CBA89299A01730038423F /* Products */,
			);
			sourceTree = "<group>";
		};
		FD6CBA89299A01730038423F /* Products */ = {
			isa = PBXGroup;
			children = (
				FD6CBA88299A01730038423F /* Weather.app */,
			);
			name = Products;
			sourceTree = "<group>";
		};
		FD6CBA8A299A01730038423F /* Weather */ = {
			isa = PBXGroup;
			children = (
				FD6CBAB7299D38320038423F /* PreviewContent */,
				FD6CBAA8299A3B610038423F /* Managers */,
				FD6CBA9F299A01BC0038423F /* Views */,
				FD6CBA8B299A01730038423F /* WeatherApp.swift */,
				FD6CBA8F299A01760038423F /* Assets.xcassets */,
				FD6CBA94299A01760038423F /* Persistence.swift */,
				FD6CBA96299A01760038423F /* Weather.xcdatamodeld */,
				FD6CBA91299A01760038423F /* Preview Content */,
				FD6CBAB8299D38BC0038423F /* Extensions.swift */,
			);
			path = Weather;
			sourceTree = "<group>";
		};
		FD6CBA91299A01760038423F /* Preview Content */ = {
			isa = PBXGroup;
			children = (
				FD6CBA92299A01760038423F /* Preview Assets.xcassets */,
			);
			path = "Preview Content";
			sourceTree = "<group>";
		};
		FD6CBA9F299A01BC0038423F /* Views */ = {
			isa = PBXGroup;
			children = (
				FD6CBAA0299A01FA0038423F /* MainView.swift */,
				FD6CBAAB299A65BA0038423F /* WelcomeView.swift */,
				FD6CBAAD299A79300038423F /* LoadingVIew.swift */,
				FD6CBAB1299D2AEC0038423F /* WeatherView.swift */,
			);
			path = Views;
			sourceTree = "<group>";
		};
		FD6CBAA8299A3B610038423F /* Managers */ = {
			isa = PBXGroup;
			children = (
				FD6CBAA9299A3B760038423F /* LocationManager.swift */,
				FD6CBAAF299A7B4E0038423F /* WeatherManager.swift */,
				FD6CBABA299E14F10038423F /* WeatherData.swift */,
			);
			path = Managers;
			sourceTree = "<group>";
		};
		FD6CBAB7299D38320038423F /* PreviewContent */ = {
			isa = PBXGroup;
			children = (
				FD6CBAB3299D31690038423F /* ModelData.swift */,
				FD6CBAB5299D31CD0038423F /* weatherData.json */,
			);
			path = PreviewContent;
			sourceTree = "<group>";
		};
/* End PBXGroup section */

/* Begin PBXNativeTarget section */
		FD6CBA87299A01730038423F /* Weather */ = {
			isa = PBXNativeTarget;
			buildConfigurationList = FD6CBA9B299A01760038423F /* Build configuration list for PBXNativeTarget "Weather" */;
			buildPhases = (
				FD6CBA84299A01730038423F /* Sources */,
				FD6CBA85299A01730038423F /* Frameworks */,
				FD6CBA86299A01730038423F /* Resources */,
			);
			buildRules = (
			);
			dependencies = (
			);
			name = Weather;
			productName = Weather;
			productReference = FD6CBA88299A01730038423F /* Weather.app */;
			productType = "com.apple.product-type.application";
		};
/* End PBXNativeTarget section */

/* Begin PBXProject section */
		FD6CBA80299A01730038423F /* Project object */ = {
			isa = PBXProject;
			attributes = {
				BuildIndependentTargetsInParallel = 1;
				LastSwiftUpdateCheck = 1400;
				LastUpgradeCheck = 1400;
				TargetAttributes = {
					FD6CBA87299A01730038423F = {
						CreatedOnToolsVersion = 14.0;
					};
				};
			};
			buildConfigurationList = FD6CBA83299A01730038423F /* Build configuration list for PBXProject "Weather" */;
			compatibilityVersion = "Xcode 14.0";
			developmentRegion = en;
			hasScannedForEncodings = 0;
			knownRegions = (
				en,
				Base,
			);
			mainGroup = FD6CBA7F299A01730038423F;
			productRefGroup = FD6CBA89299A01730038423F /* Products */;
			projectDirPath = "";
			projectRoot = "";
			targets = (
				FD6CBA87299A01730038423F /* Weather */,
			);
		};
/* End PBXProject section */

/* Begin PBXResourcesBuildPhase section */
		FD6CBA86299A01730038423F /* Resources */ = {
			isa = PBXResourcesBuildPhase;
			buildActionMask = 2147483647;
			files = (
				FD6CBA93299A01760038423F /* Preview Assets.xcassets in Resources */,
				FD6CBAB6299D31CD0038423F /* weatherData.json in Resources */,
				FD6CBA90299A01760038423F /* Assets.xcassets in Resources */,
			);
			runOnlyForDeploymentPostprocessing = 0;
		};
/* End PBXResourcesBuildPhase section */

/* Begin PBXSourcesBuildPhase section */
		FD6CBA84299A01730038423F /* Sources */ = {
			isa = PBXSourcesBuildPhase;
			buildActionMask = 2147483647;
			files = (
				FD6CBA98299A01760038423F /* Weather.xcdatamodeld in Sources */,
				FD6CBAA1299A01FA0038423F /* MainView.swift in Sources */,
				FD6CBAB0299A7B4E0038423F /* WeatherManager.swift in Sources */,
				FD6CBAAC299A65BA0038423F /* WelcomeView.swift in Sources */,
				FD6CBAAE299A79300038423F /* LoadingVIew.swift in Sources */,
				FD6CBAAA299A3B770038423F /* LocationManager.swift in Sources */,
				FD6CBAB2299D2AEC0038423F /* WeatherView.swift in Sources */,
				FD6CBAB4299D31690038423F /* ModelData.swift in Sources */,
				FD6CBA95299A01760038423F /* Persistence.swift in Sources */,
				FD6CBAB9299D38BC0038423F /* Extensions.swift in Sources */,
				FD6CBABB299E14F10038423F /* WeatherData.swift in Sources */,
				FD6CBA8C299A01730038423F /* WeatherApp.swift in Sources */,
			);
			runOnlyForDeploymentPostprocessing = 0;
		};
/* End PBXSourcesBuildPhase section */

/* Begin XCBuildConfiguration section */
		FD6CBA99299A01760038423F /* Debug */ = {
			isa = XCBuildConfiguration;
			buildSettings = {
				ALWAYS_SEARCH_USER_PATHS = NO;
				CLANG_ANALYZER_NONNULL = YES;
				CLANG_ANALYZER_NUMBER_OBJECT_CONVERSION = YES_AGGRESSIVE;
				CLANG_CXX_LANGUAGE_STANDARD = "gnu++20";
				CLANG_ENABLE_MODULES = YES;
				CLANG_ENABLE_OBJC_ARC = YES;
				CLANG_ENABLE_OBJC_WEAK = YES;
				CLANG_WARN_BLOCK_CAPTURE_AUTORELEASING = YES;
				CLANG_WARN_BOOL_CONVERSION = YES;
				CLANG_WARN_COMMA = YES;
				CLANG_WARN_CONSTANT_CONVERSION = YES;
				CLANG_WARN_DEPRECATED_OBJC_IMPLEMENTATIONS = YES;
				CLANG_WARN_DIRECT_OBJC_ISA_USAGE = YES_ERROR;
				CLANG_WARN_DOCUMENTATION_COMMENTS = YES;
				CLANG_WARN_EMPTY_BODY = YES;
				CLANG_WARN_ENUM_CONVERSION = YES;
				CLANG_WARN_INFINITE_RECURSION = YES;
				CLANG_WARN_INT_CONVERSION = YES;
				CLANG_WARN_NON_LITERAL_NULL_CONVERSION = YES;
				CLANG_WARN_OBJC_IMPLICIT_RETAIN_SELF = YES;
				CLANG_WARN_OBJC_LITERAL_CONVERSION = YES;
				CLANG_WARN_OBJC_ROOT_CLASS = YES_ERROR;
				CLANG_WARN_QUOTED_INCLUDE_IN_FRAMEWORK_HEADER = YES;
				CLANG_WARN_RANGE_LOOP_ANALYSIS = YES;
				CLANG_WARN_STRICT_PROTOTYPES = YES;
				CLANG_WARN_SUSPICIOUS_MOVE = YES;
				CLANG_WARN_UNGUARDED_AVAILABILITY = YES_AGGRESSIVE;
				CLANG_WARN_UNREACHABLE_CODE = YES;
				CLANG_WARN__DUPLICATE_METHOD_MATCH = YES;
				COPY_PHASE_STRIP = NO;
				DEBUG_INFORMATION_FORMAT = dwarf;
				ENABLE_STRICT_OBJC_MSGSEND = YES;
				ENABLE_TESTABILITY = YES;
				GCC_C_LANGUAGE_STANDARD = gnu11;
				GCC_DYNAMIC_NO_PIC = NO;
				GCC_NO_COMMON_BLOCKS = YES;
				GCC_OPTIMIZATION_LEVEL = 0;
				GCC_PREPROCESSOR_DEFINITIONS = (
					"DEBUG=1",
					"$(inherited)",
				);
				GCC_WARN_64_TO_32_BIT_CONVERSION = YES;
				GCC_WARN_ABOUT_RETURN_TYPE = YES_ERROR;
				GCC_WARN_UNDECLARED_SELECTOR = YES;
				GCC_WARN_UNINITIALIZED_AUTOS = YES_AGGRESSIVE;
				GCC_WARN_UNUSED_FUNCTION = YES;
				GCC_WARN_UNUSED_VARIABLE = YES;
				IPHONEOS_DEPLOYMENT_TARGET = 16.0;
				MTL_ENABLE_DEBUG_INFO = INCLUDE_SOURCE;
				MTL_FAST_MATH = YES;
				ONLY_ACTIVE_ARCH = YES;
				SDKROOT = iphoneos;
				SWIFT_ACTIVE_COMPILATION_CONDITIONS = DEBUG;
				SWIFT_OPTIMIZATION_LEVEL = "-Onone";
			};
			name = Debug;
		};
		FD6CBA9A299A01760038423F /* Release */ = {
			isa = XCBuildConfiguration;
			buildSettings = {
				ALWAYS_SEARCH_USER_PATHS = NO;
				CLANG_ANALYZER_NONNULL = YES;
				CLANG_ANALYZER_NUMBER_OBJECT_CONVERSION = YES_AGGRESSIVE;
				CLANG_CXX_LANGUAGE_STANDARD = "gnu++20";
				CLANG_ENABLE_MODULES = YES;
				CLANG_ENABLE_OBJC_ARC = YES;
				CLANG_ENABLE_OBJC_WEAK = YES;
				CLANG_WARN_BLOCK_CAPTURE_AUTORELEASING = YES;
				CLANG_WARN_BOOL_CONVERSION = YES;
				CLANG_WARN_COMMA = YES;
				CLANG_WARN_CONSTANT_CONVERSION = YES;
				CLANG_WARN_DEPRECATED_OBJC_IMPLEMENTATIONS = YES;
				CLANG_WARN_DIRECT_OBJC_ISA_USAGE = YES_ERROR;
				CLANG_WARN_DOCUMENTATION_COMMENTS = YES;
				CLANG_WARN_EMPTY_BODY = YES;
				CLANG_WARN_ENUM_CONVERSION = YES;
				CLANG_WARN_INFINITE_RECURSION = YES;
				CLANG_WARN_INT_CONVERSION = YES;
				CLANG_WARN_NON_LITERAL_NULL_CONVERSION = YES;
				CLANG_WARN_OBJC_IMPLICIT_RETAIN_SELF = YES;
				CLANG_WARN_OBJC_LITERAL_CONVERSION = YES;
				CLANG_WARN_OBJC_ROOT_CLASS = YES_ERROR;
				CLANG_WARN_QUOTED_INCLUDE_IN_FRAMEWORK_HEADER = YES;
				CLANG_WARN_RANGE_LOOP_ANALYSIS = YES;
				CLANG_WARN_STRICT_PROTOTYPES = YES;
				CLANG_WARN_SUSPICIOUS_MOVE = YES;
				CLANG_WARN_UNGUARDED_AVAILABILITY = YES_AGGRESSIVE;
				CLANG_WARN_UNREACHABLE_CODE = YES;
				CLANG_WARN__DUPLICATE_METHOD_MATCH = YES;
				COPY_PHASE_STRIP = NO;
				DEBUG_INFORMATION_FORMAT = "dwarf-with-dsym";
				ENABLE_NS_ASSERTIONS = NO;
				ENABLE_STRICT_OBJC_MSGSEND = YES;
				GCC_C_LANGUAGE_STANDARD = gnu11;
				GCC_NO_COMMON_BLOCKS = YES;
				GCC_WARN_64_TO_32_BIT_CONVERSION = YES;
				GCC_WARN_ABOUT_RETURN_TYPE = YES_ERROR;
				GCC_WARN_UNDECLARED_SELECTOR = YES;
				GCC_WARN_UNINITIALIZED_AUTOS = YES_AGGRESSIVE;
				GCC_WARN_UNUSED_FUNCTION = YES;
				GCC_WARN_UNUSED_VARIABLE = YES;
				IPHONEOS_DEPLOYMENT_TARGET = 16.0;
				MTL_ENABLE_DEBUG_INFO = NO;
				MTL_FAST_MATH = YES;
				SDKROOT = iphoneos;
				SWIFT_COMPILATION_MODE = wholemodule;
				SWIFT_OPTIMIZATION_LEVEL = "-O";
				VALIDATE_PRODUCT = YES;
			};
			name = Release;
		};
		FD6CBA9C299A01760038423F /* Debug */ = {
			isa = XCBuildConfiguration;
			buildSettings = {
				ASSETCATALOG_COMPILER_APPICON_NAME = AppIcon;
				ASSETCATALOG_COMPILER_GLOBAL_ACCENT_COLOR_NAME = AccentColor;
				CODE_SIGN_STYLE = Automatic;
				CURRENT_PROJECT_VERSION = 1;
				DEVELOPMENT_ASSET_PATHS = "\"Weather/Preview Content\"";
				DEVELOPMENT_TEAM = 88MA3N56TX;
				ENABLE_PREVIEWS = YES;
				GENERATE_INFOPLIST_FILE = YES;
				INFOPLIST_KEY_UIApplicationSceneManifest_Generation = YES;
				INFOPLIST_KEY_UIApplicationSupportsIndirectInputEvents = YES;
				INFOPLIST_KEY_UILaunchScreen_Generation = YES;
				INFOPLIST_KEY_UISupportedInterfaceOrientations_iPad = "UIInterfaceOrientationPortrait UIInterfaceOrientationPortraitUpsideDown UIInterfaceOrientationLandscapeLeft UIInterfaceOrientationLandscapeRight";
				INFOPLIST_KEY_UISupportedInterfaceOrientations_iPhone = "UIInterfaceOrientationPortrait UIInterfaceOrientationLandscapeLeft UIInterfaceOrientationLandscapeRight";
				IPHONEOS_DEPLOYMENT_TARGET = 15.0;
				LD_RUNPATH_SEARCH_PATHS = (
					"$(inherited)",
					"@executable_path/Frameworks",
				);
				MARKETING_VERSION = 1.0;
				PRODUCT_BUNDLE_IDENTIFIER = zsuant.Weather;
				PRODUCT_NAME = "$(TARGET_NAME)";
				SWIFT_EMIT_LOC_STRINGS = YES;
				SWIFT_VERSION = 5.0;
				TARGETED_DEVICE_FAMILY = "1,2";
			};
			name = Debug;
		};
		FD6CBA9D299A01760038423F /* Release */ = {
			isa = XCBuildConfiguration;
			buildSettings = {
				ASSETCATALOG_COMPILER_APPICON_NAME = AppIcon;
				ASSETCATALOG_COMPILER_GLOBAL_ACCENT_COLOR_NAME = AccentColor;
				CODE_SIGN_STYLE = Automatic;
				CURRENT_PROJECT_VERSION = 1;
				DEVELOPMENT_ASSET_PATHS = "\"Weather/Preview Content\"";
				DEVELOPMENT_TEAM = 88MA3N56TX;
				ENABLE_PREVIEWS = YES;
				GENERATE_INFOPLIST_FILE = YES;
				INFOPLIST_KEY_UIApplicationSceneManifest_Generation = YES;
				INFOPLIST_KEY_UIApplicationSupportsIndirectInputEvents = YES;
				INFOPLIST_KEY_UILaunchScreen_Generation = YES;
				INFOPLIST_KEY_UISupportedInterfaceOrientations_iPad = "UIInterfaceOrientationPortrait UIInterfaceOrientationPortraitUpsideDown UIInterfaceOrientationLandscapeLeft UIInterfaceOrientationLandscapeRight";
				INFOPLIST_KEY_UISupportedInterfaceOrientations_iPhone = "UIInterfaceOrientationPortrait UIInterfaceOrientationLandscapeLeft UIInterfaceOrientationLandscapeRight";
				IPHONEOS_DEPLOYMENT_TARGET = 15.0;
				LD_RUNPATH_SEARCH_PATHS = (
					"$(inherited)",
					"@executable_path/Frameworks",
				);
				MARKETING_VERSION = 1.0;
				PRODUCT_BUNDLE_IDENTIFIER = zsuant.Weather;
				PRODUCT_NAME = "$(TARGET_NAME)";
				SWIFT_EMIT_LOC_STRINGS = YES;
				SWIFT_VERSION = 5.0;
				TARGETED_DEVICE_FAMILY = "1,2";
			};
			name = Release;
		};
/* End XCBuildConfiguration section */

/* Begin XCConfigurationList section */
		FD6CBA83299A01730038423F /* Build configuration list for PBXProject "Weather" */ = {
			isa = XCConfigurationList;
			buildConfigurations = (
				FD6CBA99299A01760038423F /* Debug */,
				FD6CBA9A299A01760038423F /* Release */,
			);
			defaultConfigurationIsVisible = 0;
			defaultConfigurationName = Release;
		};
		FD6CBA9B299A01760038423F /* Build configuration list for PBXNativeTarget "Weather" */ = {
			isa = XCConfigurationList;
			buildConfigurations = (
				FD6CBA9C299A01760038423F /* Debug */,
				FD6CBA9D299A01760038423F /* Release */,
			);
			defaultConfigurationIsVisible = 0;
			defaultConfigurationName = Release;
		};
/* End XCConfigurationList section */

/* Begin XCVersionGroup section */
		FD6CBA96299A01760038423F /* Weather.xcdatamodeld */ = {
			isa = XCVersionGroup;
			children = (
				FD6CBA97299A01760038423F /* Weather.xcdatamodel */,
			);
			currentVersion = FD6CBA97299A01760038423F /* Weather.xcdatamodel */;
			path = Weather.xcdatamodeld;
			sourceTree = "<group>";
			versionGroupType = wrapper.xcdatamodel;
		};
/* End XCVersionGroup section */
	};
	rootObject = FD6CBA80299A01730038423F /* Project object */;
}
